<?xml version="1.0" encoding="utf-8"?>
<Project ToolsVersion="4.0" xmlns="http://schemas.microsoft.com/developer/msbuild/2003">
  <ItemGroup>
    <Filter Include="Source Files">
      <UniqueIdentifier>{4FC737F1-C7A5-4376-A066-2A32D752A2FF}</UniqueIdentifier>
      <Extensions>cpp;c;cc;cxx;c++;cppm;ixx;def;odl;idl;hpj;bat;asm;asmx</Extensions>
    </Filter>
    <Filter Include="Resource Files">
      <UniqueIdentifier>{67DA6AB6-F800-4c08-8B7A-83BB121AAD01}</UniqueIdentifier>
      <Extensions>rc;ico;cur;bmp;dlg;rc2;rct;bin;rgs;gif;jpg;jpeg;jpe;resx;tiff;tif;png;wav;mfcribbon-ms</Extensions>
    </Filter>
    <Filter Include="Source Files\OGLS">
      <UniqueIdentifier>{659eb893-940d-4703-8259-b63b8af1c30b}</UniqueIdentifier>
    </Filter>
    <Filter Include="Source Files\Controllers">
      <UniqueIdentifier>{2a291379-71d6-420a-b8e1-0f35626a3c50}</UniqueIdentifier>
    </Filter>
    <Filter Include="Header Files">
      <UniqueIdentifier>{93995380-89BD-4b04-88EB-625FBE52EBFB}</UniqueIdentifier>
      <Extensions>h;hh;hpp;hxx;h++;hm;inl;inc;ipp;xsd</Extensions>
    </Filter>
    <Filter Include="Header Files\OGLS">
      <UniqueIdentifier>{98dbcc45-8eaa-4ea6-938d-7338b0c759a2}</UniqueIdentifier>
    </Filter>
    <Filter Include="Header Files\Controllers">
      <UniqueIdentifier>{fadcf5c5-3e79-42a3-9466-d5e92698d0e2}</UniqueIdentifier>
    </Filter>
    <Filter Include="Source Files\OGLS\shaders">
      <UniqueIdentifier>{eaab0b92-fa4d-46df-965a-9f981bddd3a8}</UniqueIdentifier>
    </Filter>
    <Filter Include="Source Files\Map">
      <UniqueIdentifier>{f8f0fda6-9747-48e7-a1c7-863857be38ef}</UniqueIdentifier>
    </Filter>
    <Filter Include="Header Files\Map">
      <UniqueIdentifier>{c7be5fbc-5393-4faa-b18e-0a15a44c7438}</UniqueIdentifier>
    </Filter>
    <Filter Include="Header Files\Utility">
      <UniqueIdentifier>{10ec928c-cd79-4705-86b6-e87f9bb4a1da}</UniqueIdentifier>
    </Filter>
    <Filter Include="Source Files\Utility">
      <UniqueIdentifier>{b805cd10-d1d3-4f95-8222-864cec86a54a}</UniqueIdentifier>
    </Filter>
    <Filter Include="Header Files\Map\Entity">
      <UniqueIdentifier>{fc3e4fa0-3967-4776-a06b-3de8a2f7a19e}</UniqueIdentifier>
    </Filter>
  </ItemGroup>
  <ItemGroup>
    <ClCompile Include="rts.cpp">
      <Filter>Source Files</Filter>
    </ClCompile>
    <ClCompile Include="glad.c">
      <Filter>Source Files\OGLS</Filter>
    </ClCompile>
    <ClCompile Include="Entity.cpp">
      <Filter>Source Files</Filter>
    </ClCompile>
    <ClCompile Include="Renderer.cpp">
      <Filter>Source Files\OGLS</Filter>
    </ClCompile>
    <ClCompile Include="Shader.cpp">
      <Filter>Source Files\OGLS</Filter>
    </ClCompile>
    <ClCompile Include="GLSLReader.cpp">
      <Filter>Source Files\OGLS</Filter>
    </ClCompile>
    <ClCompile Include="Camera.cpp">
      <Filter>Source Files\OGLS</Filter>
    </ClCompile>
    <ClCompile Include="Controller.cpp">
      <Filter>Source Files\Controllers</Filter>
    </ClCompile>
    <ClCompile Include="SelectionBox.cpp">
      <Filter>Source Files</Filter>
    </ClCompile>
    <ClCompile Include="Map.cpp">
      <Filter>Source Files\Map</Filter>
    </ClCompile>
    <ClCompile Include="tinyxml2.cpp">
      <Filter>Source Files</Filter>
    </ClCompile>
    <ClCompile Include="Polygon.cpp">
      <Filter>Source Files\Map</Filter>
    </ClCompile>
    <ClCompile Include="Delaunay.cpp">
      <Filter>Source Files\Utility</Filter>
    </ClCompile>
    <ClCompile Include="EntityControllers.hpp">
      <Filter>Header Files\Controllers</Filter>
    </ClCompile>
    <ClCompile Include="TriangleTree.cpp">
      <Filter>Source Files\Map</Filter>
    </ClCompile>
    <ClCompile Include="Triangle.cpp">
      <Filter>Source Files\Map</Filter>
    </ClCompile>
    <ClCompile Include="NavMesh.cpp">
      <Filter>Source Files\Map</Filter>
    </ClCompile>
    <ClCompile Include="GlobalContext.cpp">
      <Filter>Source Files</Filter>
    </ClCompile>
  </ItemGroup>
  <ItemGroup>
    <ClInclude Include="glad.h">
      <Filter>Header Files\OGLS</Filter>
    </ClInclude>
    <ClInclude Include="Renderer.hpp">
      <Filter>Header Files\OGLS</Filter>
    </ClInclude>
    <ClInclude Include="Shader.hpp">
      <Filter>Header Files\OGLS</Filter>
    </ClInclude>
    <ClInclude Include="GLSLReader.hpp">
      <Filter>Header Files\OGLS</Filter>
    </ClInclude>
    <ClInclude Include="khrplatform.h">
      <Filter>Header Files\OGLS</Filter>
    </ClInclude>
    <ClInclude Include="stb_image.h">
      <Filter>Header Files\OGLS</Filter>
    </ClInclude>
    <ClInclude Include="Camera.hpp">
      <Filter>Header Files\OGLS</Filter>
    </ClInclude>
    <ClInclude Include="Controller.hpp">
      <Filter>Header Files\Controllers</Filter>
    </ClInclude>
    <ClInclude Include="Map.hpp">
      <Filter>Header Files\Map</Filter>
    </ClInclude>
    <ClInclude Include="Polygon.hpp">
      <Filter>Header Files\Map</Filter>
    </ClInclude>
    <ClInclude Include="UtilityFunctions.hpp">
      <Filter>Header Files\Utility</Filter>
    </ClInclude>
    <ClInclude Include="UsefulStructs.hpp">
      <Filter>Header Files\Utility</Filter>
    </ClInclude>
    <ClInclude Include="Sobel.hpp">
      <Filter>Header Files\Utility</Filter>
    </ClInclude>
    <ClInclude Include="Delaunay.hpp">
      <Filter>Header Files\Utility</Filter>
    </ClInclude>
    <ClInclude Include="GlobalContext.hpp">
      <Filter>Header Files</Filter>
    </ClInclude>
    <ClInclude Include="Entity.hpp">
      <Filter>Header Files\Map\Entity</Filter>
    </ClInclude>
    <ClInclude Include="SelectionBox.hpp">
      <Filter>Header Files\Map\Entity</Filter>
    </ClInclude>
    <ClInclude Include="stb_image_write.h">
      <Filter>Header Files\Utility</Filter>
    </ClInclude>
    <ClInclude Include="tinyxml2.h">
      <Filter>Header Files\Utility</Filter>
    </ClInclude>
    <ClInclude Include="TriangleTree.hpp">
      <Filter>Header Files\Map</Filter>
    </ClInclude>
    <ClInclude Include="NavMesh.hpp">
      <Filter>Header Files\Map</Filter>
    </ClInclude>
  </ItemGroup>
  <ItemGroup>
    <None Include="packages.config" />
    <None Include="entity.FragShader.glsl">
      <Filter>Source Files\OGLS\shaders</Filter>
    </None>
    <None Include="entity.vertShader.glsl">
      <Filter>Source Files\OGLS\shaders</Filter>
    </None>
    <None Include="Triangle.hpp">
      <Filter>Header Files\Map</Filter>
    </None>
  </ItemGroup>
</Project>